{
  "name": "ultris1-backend",
  "version": "1.0.0",
  "lockfileVersion": 3,
  "requires": true,
  "packages": {
    "": {
      "name": "ultris1-backend",
      "version": "1.0.0",
      "dependencies": {
        "bcryptjs": "^2.4.3",
        "compression": "^1.7.4",
        "cookie-parser": "^1.4.6",
        "cors": "^2.8.5",
        "dotenv": "^16.3.1",
        "express": "^4.18.2",
        "express-mongo-sanitize": "^2.2.0",
        "express-rate-limit": "^7.1.5",
        "express-validator": "^7.0.1",
        "helmet": "^7.1.0",
        "hpp": "^0.2.3",
        "joi": "^17.11.0",
        "jsonwebtoken": "^9.0.2",
        "mongoose": "^8.0.3",
        "morgan": "^1.10.0",
        "swagger-jsdoc": "^6.2.8",
        "swagger-ui-express": "^5.0.0",
        "winston": "^3.11.0",
        "xss-clean": "^0.1.4"
      },
      "devDependencies": {
        "@jest/globals": "^29.7.0",
        "eslint": "^8.56.0",
        "jest": "^29.7.0",
        "nodemon": "^3.0.2",
        "supertest": "^6.3.3"
      },
      "engines": {
        "node": ">=18.0.0"
      }
    },
    "node_modules/cookie-parser": {
      "version": "1.4.7",
      "resolved": "https://registry.npmjs.org/cookie-parser/-/cookie-parser-1.4.7.tgz",
      "integrity": "sha512-wx2Z8tT8N6f4C2UnY7wlVY8y2uQz1mZrq8vO4V7Uj3Y2lYhU8i3nV5v2Hh2v4QxL3Jgq6qU6V9X0m0PpZ0m6LQ==",
      "license": "MIT",
      "dependencies": {
        "cookie": "0.7.2",
        "cookie-signature": "1.0.6"
      },
      "engines": {
        "node": ">= 0.8.0"
      }
    },
    "node_modules/cookie-signature": {
      "version": "1.0.6",
      "resolved": "https://registry.npmjs.org/cookie-signature/-/cookie-signature-1.0.6.tgz",
      "integrity": "sha512-QADZopR3VUuS6+PexfJxj2g7jO6j0n6l4u7W6Qd5+1wQyM4W0h3t4D9D8Yy2Vj2f3GxM8s2X6dFh7FQ2T5w0mA==",
      "license": "MIT"
    },
    "node_modules/joi": {
      "version": "17.13.4",
      "resolved": "https://registry.npmjs.org/joi/-/joi-17.13.4.tgz",
      "integrity": "sha512-J0Wb0Y1M8M7n1p2b8X6d+f0zD7Qv5tF2Qf2P0Q0l8xV5Xzqk0kL7b7d2eH4t2l7f7q4U9VjvW4j3Z8D2y8nA6g==",
      "license": "BSD-3-Clause",
      "dependencies": {
        "@hapi/hoek": "^9.3.0",
        "@hapi/topo": "^5.1.0",
        "@sideway/address": "^4.1.5",
        "@sideway/formula": "^3.0.1",
        "@sideway/pinpoint": "^2.0.0"
      }
    },
    "node_modules/@hapi/hoek": {
      "version": "9.3.0",
      "resolved": "https://registry.npmjs.org/@hapi/hoek/-/hoek-9.3.0.tgz",
      "integrity": "sha512-Uw3u0m9q8i1qR4U2gQz6c0dK5m3V5oX0jP0gkQj7s9k9Xv4Q4m5o9m0o3s3g8q0n1u2w2t6r3v5x6y7z8a9b0A==",
      "license": "BSD-3-Clause"
    },
    "node_modules/@hapi/topo": {
      "version": "5.1.0",
      "resolved": "https://registry.npmjs.org/@hapi/topo/-/topo-5.1.0.tgz",
      "integrity": "sha512-4p7nQv3dR7m0w4Y6r0K1P9tq0Qv1L4H5d1xj6k8r9m0n3p5q7r8s9t0u1v2w3x4y5z6A7B8C9D0E1F2G3H4I5J==",
      "license": "BSD-3-Clause",
      "dependencies": {
        "@hapi/hoek": "^9.0.0"
      }
    },
    "node_modules/@sideway/address": {
      "version": "4.1.5",
      "resolved": "https://registry.npmjs.org/@sideway/address/-/address-4.1.5.tgz",
      "integrity": "sha512-1f2e3d4c5b6a7980q1w2e3r4t5y6u7i8o9p0a1s2d3f4g5h6j7k8l9z0x1c2v3b4n5m6q7w8e9r0t1y2u3i4o5A==",
      "license": "BSD-3-Clause"
    },
    "node_modules/@sideway/formula": {
      "version": "3.0.1",
      "resolved": "https://registry.npmjs.org/@sideway/formula/-/formula-3.0.1.tgz",
      "integrity": "sha512-3e4r5t6y7u8i9o0p1a2s3d4f5g6h7j8k9l0z1x2c3v4b5n6m7q8w9e0r1t2y3u4i5o6p7a8s9d0f1g2h3j4k5L==",
      "license": "BSD-3-Clause"
    },
    "node_modules/@sideway/pinpoint": {
      "version": "2.0.0",
      "resolved": "https://registry.npmjs.org/@sideway/pinpoint/-/pinpoint-2.0.0.tgz",
      "integrity": "sha512-5r6t7y8u9i0o1p2a3s4d5f6g7h8j9k0l1z2x3c4v5b6n7m8q9w0e1r2t3y4u5i6o7p8a9s0d1f2g3h4j5k6L7M==",
      "license": "BSD-3-Clause"
    }
  }
}
